
Microsoft Visual Studio Solution File, Format Version 12.00
# Visual Studio Version 16
VisualStudioVersion = 16.0.31613.86
MinimumVisualStudioVersion = 10.0.40219.1
Project("{9A19103F-16F7-4668-BE54-9A1E7A4F7556}") = "WavesCS", "WavesCS\WavesCS.csproj", "{6C6002B5-24CF-496E-95FE-A3869B7D0705}"
EndProject
Project("{9A19103F-16F7-4668-BE54-9A1E7A4F7556}") = "WavesCSTests", "WavesCSTests\WavesCSTests.csproj", "{BA391F59-6B2D-4F95-B314-E50CF445E1B8}"
EndProject
Project("{FAE04EC0-301F-11D3-BF4B-00C04F79EFBC}") = "Inforus.WavesNft", "Inforus.WavesNft\Inforus.WavesNft.csproj", "{F1B9C07B-1D27-4D1D-8C38-FB5E84FF0F94}"
EndProject
Global
	GlobalSection(SolutionConfigurationPlatforms) = preSolution
		Debug|Any CPU = Debug|Any CPU
		Debug|ARM = Debug|ARM
		Debug|x64 = Debug|x64
		Debug|x86 = Debug|x86
		Release|Any CPU = Release|Any CPU
		Release|ARM = Release|ARM
		Release|x64 = Release|x64
		Release|x86 = Release|x86
	EndGlobalSection
	GlobalSection(ProjectConfigurationPlatforms) = postSolution
		{6C6002B5-24CF-496E-95FE-A3869B7D0705}.Debug|Any CPU.ActiveCfg = Debug|Any CPU
		{6C6002B5-24CF-496E-95FE-A3869B7D0705}.Debug|Any CPU.Build.0 = Debug|Any CPU
		{6C6002B5-24CF-496E-95FE-A3869B7D0705}.Debug|ARM.ActiveCfg = Debug|Any CPU
		{6C6002B5-24CF-496E-95FE-A3869B7D0705}.Debug|ARM.Build.0 = Debug|Any CPU
		{6C6002B5-24CF-496E-95FE-A3869B7D0705}.Debug|x64.ActiveCfg = Debug|Any CPU
		{6C6002B5-24CF-496E-95FE-A3869B7D0705}.Debug|x64.Build.0 = Debug|Any CPU
		{6C6002B5-24CF-496E-95FE-A3869B7D0705}.Debug|x86.ActiveCfg = Debug|Any CPU
		{6C6002B5-24CF-496E-95FE-A3869B7D0705}.Debug|x86.Build.0 = Debug|Any CPU
		{6C6002B5-24CF-496E-95FE-A3869B7D0705}.Release|Any CPU.ActiveCfg = Release|Any CPU
		{6C6002B5-24CF-496E-95FE-A3869B7D0705}.Release|Any CPU.Build.0 = Release|Any CPU
		{6C6002B5-24CF-496E-95FE-A3869B7D0705}.Release|ARM.ActiveCfg = Release|Any CPU
		{6C6002B5-24CF-496E-95FE-A3869B7D0705}.Release|ARM.Build.0 = Release|Any CPU
		{6C6002B5-24CF-496E-95FE-A3869B7D0705}.Release|x64.ActiveCfg = Release|Any CPU
		{6C6002B5-24CF-496E-95FE-A3869B7D0705}.Release|x64.Build.0 = Release|Any CPU
		{6C6002B5-24CF-496E-95FE-A3869B7D0705}.Release|x86.ActiveCfg = Release|Any CPU
		{6C6002B5-24CF-496E-95FE-A3869B7D0705}.Release|x86.Build.0 = Release|Any CPU
		{BA391F59-6B2D-4F95-B314-E50CF445E1B8}.Debug|Any CPU.ActiveCfg = Debug|Any CPU
		{BA391F59-6B2D-4F95-B314-E50CF445E1B8}.Debug|Any CPU.Build.0 = Debug|Any CPU
		{BA391F59-6B2D-4F95-B314-E50CF445E1B8}.Debug|ARM.ActiveCfg = Debug|Any CPU
		{BA391F59-6B2D-4F95-B314-E50CF445E1B8}.Debug|ARM.Build.0 = Debug|Any CPU
		{BA391F59-6B2D-4F95-B314-E50CF445E1B8}.Debug|x64.ActiveCfg = Debug|Any CPU
		{BA391F59-6B2D-4F95-B314-E50CF445E1B8}.Debug|x64.Build.0 = Debug|Any CPU
		{BA391F59-6B2D-4F95-B314-E50CF445E1B8}.Debug|x86.ActiveCfg = Debug|Any CPU
		{BA391F59-6B2D-4F95-B314-E50CF445E1B8}.Debug|x86.Build.0 = Debug|Any CPU
		{BA391F59-6B2D-4F95-B314-E50CF445E1B8}.Release|Any CPU.ActiveCfg = Release|Any CPU
		{BA391F59-6B2D-4F95-B314-E50CF445E1B8}.Release|Any CPU.Build.0 = Release|Any CPU
		{BA391F59-6B2D-4F95-B314-E50CF445E1B8}.Release|ARM.ActiveCfg = Release|Any CPU
		{BA391F59-6B2D-4F95-B314-E50CF445E1B8}.Release|ARM.Build.0 = Release|Any CPU
		{BA391F59-6B2D-4F95-B314-E50CF445E1B8}.Release|x64.ActiveCfg = Release|Any CPU
		{BA391F59-6B2D-4F95-B314-E50CF445E1B8}.Release|x64.Build.0 = Release|Any CPU
		{BA391F59-6B2D-4F95-B314-E50CF445E1B8}.Release|x86.ActiveCfg = Release|Any CPU
		{BA391F59-6B2D-4F95-B314-E50CF445E1B8}.Release|x86.Build.0 = Release|Any CPU
		{F1B9C07B-1D27-4D1D-8C38-FB5E84FF0F94}.Debug|Any CPU.ActiveCfg = Debug|Any CPU
		{F1B9C07B-1D27-4D1D-8C38-FB5E84FF0F94}.Debug|Any CPU.Build.0 = Debug|Any CPU
		{F1B9C07B-1D27-4D1D-8C38-FB5E84FF0F94}.Debug|ARM.ActiveCfg = Debug|Any CPU
		{F1B9C07B-1D27-4D1D-8C38-FB5E84FF0F94}.Debug|ARM.Build.0 = Debug|Any CPU
		{F1B9C07B-1D27-4D1D-8C38-FB5E84FF0F94}.Debug|x64.ActiveCfg = Debug|Any CPU
		{F1B9C07B-1D27-4D1D-8C38-FB5E84FF0F94}.Debug|x64.Build.0 = Debug|Any CPU
		{F1B9C07B-1D27-4D1D-8C38-FB5E84FF0F94}.Debug|x86.ActiveCfg = Debug|Any CPU
		{F1B9C07B-1D27-4D1D-8C38-FB5E84FF0F94}.Debug|x86.Build.0 = Debug|Any CPU
		{F1B9C07B-1D27-4D1D-8C38-FB5E84FF0F94}.Release|Any CPU.ActiveCfg = Release|Any CPU
		{F1B9C07B-1D27-4D1D-8C38-FB5E84FF0F94}.Release|Any CPU.Build.0 = Release|Any CPU
		{F1B9C07B-1D27-4D1D-8C38-FB5E84FF0F94}.Release|ARM.ActiveCfg = Release|Any CPU
		{F1B9C07B-1D27-4D1D-8C38-FB5E84FF0F94}.Release|ARM.Build.0 = Release|Any CPU
		{F1B9C07B-1D27-4D1D-8C38-FB5E84FF0F94}.Release|x64.ActiveCfg = Release|Any CPU
		{F1B9C07B-1D27-4D1D-8C38-FB5E84FF0F94}.Release|x64.Build.0 = Release|Any CPU
		{F1B9C07B-1D27-4D1D-8C38-FB5E84FF0F94}.Release|x86.ActiveCfg = Release|Any CPU
		{F1B9C07B-1D27-4D1D-8C38-FB5E84FF0F94}.Release|x86.Build.0 = Release|Any CPU
	EndGlobalSection
	GlobalSection(SolutionProperties) = preSolution
		HideSolutionNode = FALSE
	EndGlobalSection
	GlobalSection(ExtensibilityGlobals) = postSolution
		SolutionGuid = {52048DFB-267E-4EA0-9E73-2D5870D10CCA}
	EndGlobalSection
EndGlobal
